<?xml version="1.0" encoding="utf-8"?>
<Project ToolsVersion="4.0" xmlns="http://schemas.microsoft.com/developer/msbuild/2003">
  <ItemGroup>
    <ClCompile Include="dicescanner\main.cpp" />
  </ItemGroup>
  <ItemGroup>
    <ClInclude Include="dicescanner\find-squares.h" />
    <ClInclude Include="dicescanner\rectangle.h" />
    <ClInclude Include="dicescanner\vfunctional.h" />
    <ClInclude Include="dicescanner\locate-dice.h" />
    <ClInclude Include="dicescanner\value-clusters.h" />
    <ClInclude Include="dicescanner\read-dice.h" />
    <ClInclude Include="dicescanner\rotate.h" />
  </ItemGroup>
</Project>