<?xml version="1.0" encoding="UTF-8"?>
<Scheme
   LastUpgradeVersion = "1030"
   version = "1.3">
   <BuildAction
      parallelizeBuildables = "YES"
      buildImplicitDependencies = "YES">
      <BuildActionEntries>
         <BuildActionEntry
            buildForTesting = "YES"
            buildForRunning = "YES"
            buildForProfiling = "YES"
            buildForArchiving = "YES"
            buildForAnalyzing = "YES">
            <BuildableReference
               BuildableIdentifier = "primary"
               BlueprintIdentifier = "17F51EC7228BE0B900E6BD74"
               BuildableName = "dicesacanner"
               BlueprintName = "dicesacanner"
               ReferencedContainer = "container:dice-scanner.xcodeproj">
            </BuildableReference>
         </BuildActionEntry>
      </BuildActionEntries>
   </BuildAction>
   <TestAction
      buildConfiguration = "Debug"
      selectedDebuggerIdentifier = "Xcode.DebuggerFoundation.Debugger.LLDB"
      selectedLauncherIdentifier = "Xcode.DebuggerFoundation.Launcher.LLDB"
      shouldUseLaunchSchemeArgsEnv = "YES">
      <Testables>
      </Testables>
      <MacroExpansion>
         <BuildableReference
            BuildableIdentifier = "primary"
            BlueprintIdentifier = "17F51EC7228BE0B900E6BD74"
            BuildableName = "dicesacanner"
            BlueprintName = "dicesacanner"
            ReferencedContainer = "container:dice-scanner.xcodeproj">
         </BuildableReference>
      </MacroExpansion>
      <AdditionalOptions>
      </AdditionalOptions>
   </TestAction>
   <LaunchAction
      buildConfiguration = "Debug"
      selectedDebuggerIdentifier = "Xcode.DebuggerFoundation.Debugger.LLDB"
      selectedLauncherIdentifier = "Xcode.DebuggerFoundation.Launcher.LLDB"
      launchStyle = "0"
      useCustomWorkingDirectory = "NO"
      ignoresPersistentStateOnLaunch = "NO"
      debugDocumentVersioning = "YES"
      debugServiceExtension = "internal"
      allowLocationSimulation = "YES">
      <BuildableProductRunnable
         runnableDebuggingMode = "0">
         <BuildableReference
            BuildableIdentifier = "primary"
            BlueprintIdentifier = "17F51EC7228BE0B900E6BD74"
            BuildableName = "dicesacanner"
            BlueprintName = "dicesacanner"
            ReferencedContainer = "container:dice-scanner.xcodeproj">
         </BuildableReference>
      </BuildableProductRunnable>
      <CommandLineArguments>
         <CommandLineArgument
            argument = "/Users/stuart/github/dice-scanner/img/H21Z40F20D13M20P20T50X33V11W51A43C51U31I12O63N42R33B12S51L42Y61G33J30E53K42-angle.jpg"
            isEnabled = "YES">
         </CommandLineArgument>
         <CommandLineArgument
            argument = "/Users/stuart/github/dice-scanner/img/K13Y63A23S13X61C50P43M10B50R33L41V40D50G61U50I42E41T13H50F32O40N11W60J11Z31.jpg"
            isEnabled = "YES">
         </CommandLineArgument>
         <CommandLineArgument
            argument = "/Users/stuart/github/dice-scanner/img/C22I12L11G51P31F53K22V40S13W53T31O50Z30B13M51E22J13H43U30A13D62N13R61X60Y41-faded.jpg"
            isEnabled = "YES">
         </CommandLineArgument>
         <CommandLineArgument
            argument = "/Users/stuart/github/dice-scanner/img/H10A22Y23I43L42M60J20E61W32D43Z21V33T33G33K40X32B43N10R63O60U40S61F13C40P41.jpg"
            isEnabled = "YES">
         </CommandLineArgument>
         <CommandLineArgument
            argument = "/Users/stuart/github/dice-scanner/img/B23X21K21Y63F53I50O11H12J40M13G10P40C60S33U23A21W62L60V42D33T32Z61N13E33R63.jpg"
            isEnabled = "YES">
         </CommandLineArgument>
         <CommandLineArgument
            argument = "/Users/stuart/github/dice-scanner/img/C22I12L11G51P31F53K22V40S13W53T31O50Z30B13M51E22J13H43U30A13D62N13R61X60Y41-super-low-res.jpg"
            isEnabled = "YES">
         </CommandLineArgument>
         <CommandLineArgument
            argument = "/Users/stuart/github/dice-scanner/img/F51E31C30K20U51O21Z43M22G52W52D40H62S22T13J40B52I33A50N21R62P50X51L32V31Y41-Fira-Code.jpg"
            isEnabled = "NO">
         </CommandLineArgument>
         <CommandLineArgument
            argument = "/Users/stuart/github/dice-scanner/img/D41B43J61K62O42V20N41W51G32U23C22F40Z50R62I52X20L61T40S13H42P61Y12E43A10M32-Fira-Code-angle.jpg"
            isEnabled = "NO">
         </CommandLineArgument>
         <CommandLineArgument
            argument = "/Users/stuart/github/dice-scanner/img/F51E31C30K20U51O21Z43M22G52W52D40H62S22T13J40B52I33A50N21R62P50X51L32V31Y41-Fira-Code-Shadow.jpg"
            isEnabled = "NO">
         </CommandLineArgument>
         <CommandLineArgument
            argument = "/Users/stuart/github/dice-scanner/img/A61M21G52E53Z13J22B20R40O20Y42I11X63N63L21H61U12S63F61W43P52V42K62C41T53D51-iphone-shadows.jpg"
            isEnabled = "NO">
         </CommandLineArgument>
         <CommandLineArgument
            argument = "/Users/stuart/github/dice-scanner/img/A62G32E63B32K33U42W20Z21D20I42S30L61R52J20N20Y42H52P13X23O11M12V60T62C12F42-iphone-angle.jpg"
            isEnabled = "NO">
         </CommandLineArgument>
         <CommandLineArgument
            argument = "/Users/stuart/github/dice-scanner/img/A62G32E63B32K33U42W20Z21D20I42S30L61R52J20N20Y42H52P13X23O11M12V60T62C12F42-iphone-shadows.jpg"
            isEnabled = "NO">
         </CommandLineArgument>
         <CommandLineArgument
            argument = "/Users/stuart/github/dice-scanner/img/B33H61X52U23O50D10N43C42W22F50E52L60M32J10Z20S20Y12P41G31T61K53A43R61I43V32-iphone-shadows.jpg"
            isEnabled = "NO">
         </CommandLineArgument>
         <CommandLineArgument
            argument = "/Users/stuart/github/dice-scanner/img/E33J11D13F30Y52L33S63M10B43I31X20O53H63V42Z61W41K22T63G33R30N62A62C40P40U30-iphone-shadows.jpg"
            isEnabled = "NO">
         </CommandLineArgument>
         <CommandLineArgument
            argument = "/Users/stuart/github/dice-scanner/img/G31F10D53Y52V61B40R20M23C12T41X53O11E43Z20P53I21A41N43K42S51W20L63J32U52H51-iphone-shadows.jpg"
            isEnabled = "NO">
         </CommandLineArgument>
         <CommandLineArgument
            argument = "/Users/stuart/github/dice-scanner/img/G31F10D53Y52V61B40R20M23C12T41X53O11E43Z20P53I21A41N43K42S51W20L63J32U52H51-iphone-angle.jpg"
            isEnabled = "NO">
         </CommandLineArgument>
         <CommandLineArgument
            argument = "/Users/stuart/github/dice-scanner/img/I51C32A12L52W53H13M43D20B50S41P32X62F30Y60J43V11E50U63T52K63Z10G33N52O21R12-iphone-angle.jpg"
            isEnabled = "NO">
         </CommandLineArgument>
         <CommandLineArgument
            argument = "/Users/stuart/github/dice-scanner/img/I51C32A12L52W53H13M43D20B50S41P32X62F30Y60J43V11E50U63T52K63Z10G33N52O21R12-iphone-shadows.jpg"
            isEnabled = "NO">
         </CommandLineArgument>
      </CommandLineArguments>
      <EnvironmentVariables>
         <EnvironmentVariable
            key = ""
            value = ""
            isEnabled = "YES">
         </EnvironmentVariable>
         <EnvironmentVariable
            key = ""
            value = ""
            isEnabled = "YES">
         </EnvironmentVariable>
      </EnvironmentVariables>
      <AdditionalOptions>
      </AdditionalOptions>
   </LaunchAction>
   <ProfileAction
      buildConfiguration = "Release"
      shouldUseLaunchSchemeArgsEnv = "YES"
      savedToolIdentifier = ""
      useCustomWorkingDirectory = "NO"
      debugDocumentVersioning = "YES">
      <BuildableProductRunnable
         runnableDebuggingMode = "0">
         <BuildableReference
            BuildableIdentifier = "primary"
            BlueprintIdentifier = "17F51EC7228BE0B900E6BD74"
            BuildableName = "dicesacanner"
            BlueprintName = "dicesacanner"
            ReferencedContainer = "container:dice-scanner.xcodeproj">
         </BuildableReference>
      </BuildableProductRunnable>
   </ProfileAction>
   <AnalyzeAction
      buildConfiguration = "Debug">
   </AnalyzeAction>
   <ArchiveAction
      buildConfiguration = "Release"
      revealArchiveInOrganizer = "YES">
   </ArchiveAction>
</Scheme>
